# This file is automatically @generated by Cargo.
# It is not intended for manual editing.
version = 4

[[package]]
name = "deepsky-acquisition"
version = "0.1.0"
dependencies = [
 "deepsky-camera",
 "deepsky-protocol",
]

[[package]]
name = "deepsky-app"
version = "0.1.0"
dependencies = [
 "deepsky-acquisition",
 "deepsky-camera",
 "deepsky-diagnostics",
 "deepsky-metadata",
 "deepsky-preview",
 "deepsky-protocol",
 "deepsky-raw",
 "deepsky-sequencer",
 "deepsky-session",
 "deepsky-transport",
 "deepsky-ui",
]

[[package]]
name = "deepsky-camera"
version = "0.1.0"
dependencies = [
 "deepsky-protocol",
]

[[package]]
name = "deepsky-cli"
version = "0.1.0"
dependencies = [
 "deepsky-camera",
 "deepsky-diagnostics",
 "deepsky-protocol",
 "deepsky-sequencer",
 "deepsky-session",
 "deepsky-transport",
]

[[package]]
name = "deepsky-diagnostics"
version = "0.1.0"

[[package]]
name = "deepsky-metadata"
version = "0.1.0"

[[package]]
name = "deepsky-preview"
version = "0.1.0"

[[package]]
name = "deepsky-protocol"
version = "0.1.0"

[[package]]
name = "deepsky-raw"
version = "0.1.0"

[[package]]
name = "deepsky-sequencer"
version = "0.1.0"
dependencies = [
 "deepsky-camera",
 "deepsky-protocol",
]

[[package]]
name = "deepsky-session"
version = "0.1.0"
dependencies = [
 "deepsky-camera",
 "deepsky-metadata",
]

[[package]]
name = "deepsky-testkit"
version = "0.1.0"
dependencies = [
 "deepsky-camera",
 "deepsky-protocol",
 "deepsky-transport",
]

[[package]]
name = "deepsky-transport"
version = "0.1.0"
dependencies = [
 "deepsky-protocol",
]

[[package]]
name = "deepsky-ui"
version = "0.1.0"
dependencies = [
 "deepsky-camera",
 "deepsky-diagnostics",
 "deepsky-metadata",
 "deepsky-preview",
 "deepsky-sequencer",
 "deepsky-session",
]
